
Microsoft Visual Studio Solution File, Format Version 12.00
# Visual Studio Version 17
VisualStudioVersion = 17.9.34622.214
MinimumVisualStudioVersion = 10.0.40219.1
Project("{FAE04EC0-301F-11D3-BF4B-00C04F79EFBC}") = "Server", "Server\Server.csproj", "{E8623B03-BB34-4028-A60C-1CE6147D40A1}"
EndProject
Project("{FAE04EC0-301F-11D3-BF4B-00C04F79EFBC}") = "Client", "Client\Client.csproj", "{A4CA7F9D-2F38-40C3-A63D-5F06327C49ED}"
EndProject
Project("{FAE04EC0-301F-11D3-BF4B-00C04F79EFBC}") = "BaseLibrary", "BaseLibrary\BaseLibrary.csproj", "{4389DE75-4F8F-4A9D-89C3-32A19C862BD2}"
EndProject
Project("{FAE04EC0-301F-11D3-BF4B-00C04F79EFBC}") = "ClientLibrary", "ClientLibrary\ClientLibrary.csproj", "{5281F4A6-98A1-4AE9-AED2-2D2FA3793414}"
EndProject
Project("{FAE04EC0-301F-11D3-BF4B-00C04F79EFBC}") = "ServerLibrary", "ServerLibrary\ServerLibrary.csproj", "{3E9DDB75-65D2-4906-9AF0-7E83378404B3}"
EndProject
Global
	GlobalSection(SolutionConfigurationPlatforms) = preSolution
		Debug|Any CPU = Debug|Any CPU
		Release|Any CPU = Release|Any CPU
	EndGlobalSection
	GlobalSection(ProjectConfigurationPlatforms) = postSolution
		{E8623B03-BB34-4028-A60C-1CE6147D40A1}.Debug|Any CPU.ActiveCfg = Debug|Any CPU
		{E8623B03-BB34-4028-A60C-1CE6147D40A1}.Debug|Any CPU.Build.0 = Debug|Any CPU
		{E8623B03-BB34-4028-A60C-1CE6147D40A1}.Release|Any CPU.ActiveCfg = Release|Any CPU
		{E8623B03-BB34-4028-A60C-1CE6147D40A1}.Release|Any CPU.Build.0 = Release|Any CPU
		{A4CA7F9D-2F38-40C3-A63D-5F06327C49ED}.Debug|Any CPU.ActiveCfg = Debug|Any CPU
		{A4CA7F9D-2F38-40C3-A63D-5F06327C49ED}.Debug|Any CPU.Build.0 = Debug|Any CPU
		{A4CA7F9D-2F38-40C3-A63D-5F06327C49ED}.Release|Any CPU.ActiveCfg = Release|Any CPU
		{A4CA7F9D-2F38-40C3-A63D-5F06327C49ED}.Release|Any CPU.Build.0 = Release|Any CPU
		{4389DE75-4F8F-4A9D-89C3-32A19C862BD2}.Debug|Any CPU.ActiveCfg = Debug|Any CPU
		{4389DE75-4F8F-4A9D-89C3-32A19C862BD2}.Debug|Any CPU.Build.0 = Debug|Any CPU
		{4389DE75-4F8F-4A9D-89C3-32A19C862BD2}.Release|Any CPU.ActiveCfg = Release|Any CPU
		{4389DE75-4F8F-4A9D-89C3-32A19C862BD2}.Release|Any CPU.Build.0 = Release|Any CPU
		{5281F4A6-98A1-4AE9-AED2-2D2FA3793414}.Debug|Any CPU.ActiveCfg = Debug|Any CPU
		{5281F4A6-98A1-4AE9-AED2-2D2FA3793414}.Debug|Any CPU.Build.0 = Debug|Any CPU
		{5281F4A6-98A1-4AE9-AED2-2D2FA3793414}.Release|Any CPU.ActiveCfg = Release|Any CPU
		{5281F4A6-98A1-4AE9-AED2-2D2FA3793414}.Release|Any CPU.Build.0 = Release|Any CPU
		{3E9DDB75-65D2-4906-9AF0-7E83378404B3}.Debug|Any CPU.ActiveCfg = Debug|Any CPU
		{3E9DDB75-65D2-4906-9AF0-7E83378404B3}.Debug|Any CPU.Build.0 = Debug|Any CPU
		{3E9DDB75-65D2-4906-9AF0-7E83378404B3}.Release|Any CPU.ActiveCfg = Release|Any CPU
		{3E9DDB75-65D2-4906-9AF0-7E83378404B3}.Release|Any CPU.Build.0 = Release|Any CPU
	EndGlobalSection
	GlobalSection(SolutionProperties) = preSolution
		HideSolutionNode = FALSE
	EndGlobalSection
	GlobalSection(ExtensibilityGlobals) = postSolution
		SolutionGuid = {2C71FE01-AE20-4740-BDB5-8DAB851E7077}
	EndGlobalSection
EndGlobal
